
Microsoft Visual Studio Solution File, Format Version 12.00
# Visual Studio Version 16
VisualStudioVersion = 16.0.30413.136
MinimumVisualStudioVersion = 10.0.40219.1
Project("{FAE04EC0-301F-11D3-BF4B-00C04F79EFBC}") = "MockSchoolManagement", "MockSchoolManagement.csproj", "{4FCD3254-D6FA-4F0B-9EF7-9DF04A7DBFA1}"
EndProject
Global
	GlobalSection(SolutionConfigurationPlatforms) = preSolution
		Debug|Any CPU = Debug|Any CPU
		Release|Any CPU = Release|Any CPU
	EndGlobalSection
	GlobalSection(ProjectConfigurationPlatforms) = postSolution
		{4FCD3254-D6FA-4F0B-9EF7-9DF04A7DBFA1}.Debug|Any CPU.ActiveCfg = Debug|Any CPU
		{4FCD3254-D6FA-4F0B-9EF7-9DF04A7DBFA1}.Debug|Any CPU.Build.0 = Debug|Any CPU
		{4FCD3254-D6FA-4F0B-9EF7-9DF04A7DBFA1}.Release|Any CPU.ActiveCfg = Release|Any CPU
		{4FCD3254-D6FA-4F0B-9EF7-9DF04A7DBFA1}.Release|Any CPU.Build.0 = Release|Any CPU
	EndGlobalSection
	GlobalSection(SolutionProperties) = preSolution
		HideSolutionNode = FALSE
	EndGlobalSection
	GlobalSection(ExtensibilityGlobals) = postSolution
		SolutionGuid = {8C5FA0DA-1929-435F-9683-F8C17EDEBDE3}
	EndGlobalSection
EndGlobal
